# This file was autogenerated by Stack.
# You should not edit this file by hand.
# For more information, please see the documentation at:
#   https://docs.haskellstack.org/en/stable/lock_files

packages:
- completed:
    hackage: hspec-parsec-0@sha256:3469e0c2dbdbacc7adf27314a239c6d8a19790006a71dc82c0909b5b18efda0e,1242
    pantry-tree:
      size: 323
      sha256: 975f128de1cdadf53213296abce350b68219030ea4b9c2618234f5bbb6791b75
  original:
    hackage: hspec-parsec-0@sha256:3469e0c2dbdbacc7adf27314a239c6d8a19790006a71dc82c0909b5b18efda0e,1242
snapshots:
- completed:
    size: 525663
    url: https://raw.githubusercontent.com/commercialhaskell/stackage-snapshots/master/lts/14/14.yaml
    sha256: 6edc48df46eb8bf7b861e98dd30d021a92c2e1820c9bb6528aac5d997b0e14ef
  original: lts-14.14
